
Microsoft Visual Studio Solution File, Format Version 12.00
# Visual Studio Version 17
VisualStudioVersion = 17.8.34330.188
MinimumVisualStudioVersion = 10.0.40219.1
Project("{FAE04EC0-301F-11D3-BF4B-00C04F79EFBC}") = "ApiCatalogo", "ApiCatalogo\ApiCatalogo.csproj", "{AD8B4F56-3376-4073-99EF-42D556D1B5B5}"
EndProject
Global
	GlobalSection(SolutionConfigurationPlatforms) = preSolution
		Debug|Any CPU = Debug|Any CPU
		Release|Any CPU = Release|Any CPU
	EndGlobalSection
	GlobalSection(ProjectConfigurationPlatforms) = postSolution
		{AD8B4F56-3376-4073-99EF-42D556D1B5B5}.Debug|Any CPU.ActiveCfg = Debug|Any CPU
		{AD8B4F56-3376-4073-99EF-42D556D1B5B5}.Debug|Any CPU.Build.0 = Debug|Any CPU
		{AD8B4F56-3376-4073-99EF-42D556D1B5B5}.Release|Any CPU.ActiveCfg = Release|Any CPU
		{AD8B4F56-3376-4073-99EF-42D556D1B5B5}.Release|Any CPU.Build.0 = Release|Any CPU
	EndGlobalSection
	GlobalSection(SolutionProperties) = preSolution
		HideSolutionNode = FALSE
	EndGlobalSection
	GlobalSection(ExtensibilityGlobals) = postSolution
		SolutionGuid = {A31F7867-0C88-464F-8644-1C00DF48F471}
	EndGlobalSection
EndGlobal
